// !$*UTF8*$!
{
	archiveVersion = 1;
	classes = {
	};
	objectVersion = 56;
	objects = {

/* Begin PBXBuildFile section */
		8E6A5A7EA3560CB5D0DCA875 /* Pods_ValorantAgentsApp.framework in Frameworks */ = {isa = PBXBuildFile; fileRef = A8087092B0A4B821CAF26ECC /* Pods_ValorantAgentsApp.framework */; };
		ED6A3C6E296C7D19009D28D4 /* AppDelegate.swift in Sources */ = {isa = PBXBuildFile; fileRef = ED6A3C6D296C7D19009D28D4 /* AppDelegate.swift */; };
		ED6A3C70296C7D19009D28D4 /* SceneDelegate.swift in Sources */ = {isa = PBXBuildFile; fileRef = ED6A3C6F296C7D19009D28D4 /* SceneDelegate.swift */; };
		ED6A3C72296C7D19009D28D4 /* AgentListVC.swift in Sources */ = {isa = PBXBuildFile; fileRef = ED6A3C71296C7D19009D28D4 /* AgentListVC.swift */; };
		ED6A3C75296C7D19009D28D4 /* Main.storyboard in Resources */ = {isa = PBXBuildFile; fileRef = ED6A3C73296C7D19009D28D4 /* Main.storyboard */; };
		ED6A3C77296C7D1B009D28D4 /* Assets.xcassets in Resources */ = {isa = PBXBuildFile; fileRef = ED6A3C76296C7D1B009D28D4 /* Assets.xcassets */; };
		ED6A3C7A296C7D1B009D28D4 /* LaunchScreen.storyboard in Resources */ = {isa = PBXBuildFile; fileRef = ED6A3C78296C7D1B009D28D4 /* LaunchScreen.storyboard */; };
		ED6A3C82296C8023009D28D4 /* AgentCellVC.swift in Sources */ = {isa = PBXBuildFile; fileRef = ED6A3C81296C8023009D28D4 /* AgentCellVC.swift */; };
		ED6A3C84296C8036009D28D4 /* AgentDetailsCellVC.swift in Sources */ = {isa = PBXBuildFile; fileRef = ED6A3C83296C8036009D28D4 /* AgentDetailsCellVC.swift */; };
		ED6A3C86296C835E009D28D4 /* AgentProperties.swift in Sources */ = {isa = PBXBuildFile; fileRef = ED6A3C85296C835E009D28D4 /* AgentProperties.swift */; };
		ED6A3C88296C8383009D28D4 /* Agents.swift in Sources */ = {isa = PBXBuildFile; fileRef = ED6A3C87296C8383009D28D4 /* Agents.swift */; };
		ED6A3C8A296C849F009D28D4 /* AgentDetailVC.swift in Sources */ = {isa = PBXBuildFile; fileRef = ED6A3C89296C849E009D28D4 /* AgentDetailVC.swift */; };
		ED6A3C8C296C9691009D28D4 /* Images.swift in Sources */ = {isa = PBXBuildFile; fileRef = ED6A3C8B296C9691009D28D4 /* Images.swift */; };
		ED85E8C3297FE4DA00472A35 /* AbilitiesDetailsViewController.swift in Sources */ = {isa = PBXBuildFile; fileRef = ED85E8C2297FE4DA00472A35 /* AbilitiesDetailsViewController.swift */; };
		EDE0551B29796480000C7C24 /* AgentDetailVariableFile.swift in Sources */ = {isa = PBXBuildFile; fileRef = EDE0551A29796480000C7C24 /* AgentDetailVariableFile.swift */; };
/* End PBXBuildFile section */

/* Begin PBXFileReference section */
		7333185F9FB764945EF68E67 /* Pods-ValorantAgentsApp.debug.xcconfig */ = {isa = PBXFileReference; includeInIndex = 1; lastKnownFileType = text.xcconfig; name = "Pods-ValorantAgentsApp.debug.xcconfig"; path = "Target Support Files/Pods-ValorantAgentsApp/Pods-ValorantAgentsApp.debug.xcconfig"; sourceTree = "<group>"; };
		A8087092B0A4B821CAF26ECC /* Pods_ValorantAgentsApp.framework */ = {isa = PBXFileReference; explicitFileType = wrapper.framework; includeInIndex = 0; path = Pods_ValorantAgentsApp.framework; sourceTree = BUILT_PRODUCTS_DIR; };
		AC70DD13DEAEE66075452FB8 /* Pods-ValorantAgentsApp.release.xcconfig */ = {isa = PBXFileReference; includeInIndex = 1; lastKnownFileType = text.xcconfig; name = "Pods-ValorantAgentsApp.release.xcconfig"; path = "Target Support Files/Pods-ValorantAgentsApp/Pods-ValorantAgentsApp.release.xcconfig"; sourceTree = "<group>"; };
		ED6A3C6A296C7D19009D28D4 /* ValorantAgentsApp.app */ = {isa = PBXFileReference; explicitFileType = wrapper.application; includeInIndex = 0; path = ValorantAgentsApp.app; sourceTree = BUILT_PRODUCTS_DIR; };
		ED6A3C6D296C7D19009D28D4 /* AppDelegate.swift */ = {isa = PBXFileReference; lastKnownFileType = sourcecode.swift; path = AppDelegate.swift; sourceTree = "<group>"; };
		ED6A3C6F296C7D19009D28D4 /* SceneDelegate.swift */ = {isa = PBXFileReference; lastKnownFileType = sourcecode.swift; path = SceneDelegate.swift; sourceTree = "<group>"; };
		ED6A3C71296C7D19009D28D4 /* AgentListVC.swift */ = {isa = PBXFileReference; lastKnownFileType = sourcecode.swift; path = AgentListVC.swift; sourceTree = "<group>"; };
		ED6A3C74296C7D19009D28D4 /* Base */ = {isa = PBXFileReference; lastKnownFileType = file.storyboard; name = Base; path = Base.lproj/Main.storyboard; sourceTree = "<group>"; };
		ED6A3C76296C7D1B009D28D4 /* Assets.xcassets */ = {isa = PBXFileReference; lastKnownFileType = folder.assetcatalog; path = Assets.xcassets; sourceTree = "<group>"; };
		ED6A3C79296C7D1B009D28D4 /* Base */ = {isa = PBXFileReference; lastKnownFileType = file.storyboard; name = Base; path = Base.lproj/LaunchScreen.storyboard; sourceTree = "<group>"; };
		ED6A3C7B296C7D1B009D28D4 /* Info.plist */ = {isa = PBXFileReference; lastKnownFileType = text.plist.xml; path = Info.plist; sourceTree = "<group>"; };
		ED6A3C81296C8023009D28D4 /* AgentCellVC.swift */ = {isa = PBXFileReference; lastKnownFileType = sourcecode.swift; path = AgentCellVC.swift; sourceTree = "<group>"; };
		ED6A3C83296C8036009D28D4 /* AgentDetailsCellVC.swift */ = {isa = PBXFileReference; lastKnownFileType = sourcecode.swift; path = AgentDetailsCellVC.swift; sourceTree = "<group>"; };
		ED6A3C85296C835E009D28D4 /* AgentProperties.swift */ = {isa = PBXFileReference; lastKnownFileType = sourcecode.swift; path = AgentProperties.swift; sourceTree = "<group>"; };
		ED6A3C87296C8383009D28D4 /* Agents.swift */ = {isa = PBXFileReference; lastKnownFileType = sourcecode.swift; path = Agents.swift; sourceTree = "<group>"; };
		ED6A3C89296C849E009D28D4 /* AgentDetailVC.swift */ = {isa = PBXFileReference; lastKnownFileType = sourcecode.swift; path = AgentDetailVC.swift; sourceTree = "<group>"; };
		ED6A3C8B296C9691009D28D4 /* Images.swift */ = {isa = PBXFileReference; lastKnownFileType = sourcecode.swift; path = Images.swift; sourceTree = "<group>"; };
		ED85E8C2297FE4DA00472A35 /* AbilitiesDetailsViewController.swift */ = {isa = PBXFileReference; lastKnownFileType = sourcecode.swift; path = AbilitiesDetailsViewController.swift; sourceTree = "<group>"; };
		EDE0551A29796480000C7C24 /* AgentDetailVariableFile.swift */ = {isa = PBXFileReference; lastKnownFileType = sourcecode.swift; path = AgentDetailVariableFile.swift; sourceTree = "<group>"; };
/* End PBXFileReference section */

/* Begin PBXFrameworksBuildPhase section */
		ED6A3C67296C7D19009D28D4 /* Frameworks */ = {
			isa = PBXFrameworksBuildPhase;
			buildActionMask = 2147483647;
			files = (
				8E6A5A7EA3560CB5D0DCA875 /* Pods_ValorantAgentsApp.framework in Frameworks */,
			);
			runOnlyForDeploymentPostprocessing = 0;
		};
/* End PBXFrameworksBuildPhase section */

/* Begin PBXGroup section */
		BB5D1BE1397E995938A3459C /* Pods */ = {
			isa = PBXGroup;
			children = (
				7333185F9FB764945EF68E67 /* Pods-ValorantAgentsApp.debug.xcconfig */,
				AC70DD13DEAEE66075452FB8 /* Pods-ValorantAgentsApp.release.xcconfig */,
			);
			path = Pods;
			sourceTree = "<group>";
		};
		BD356332918E82A8E89A966D /* Frameworks */ = {
			isa = PBXGroup;
			children = (
				A8087092B0A4B821CAF26ECC /* Pods_ValorantAgentsApp.framework */,
			);
			name = Frameworks;
			sourceTree = "<group>";
		};
		ED6A3C61296C7D19009D28D4 = {
			isa = PBXGroup;
			children = (
				ED6A3C6C296C7D19009D28D4 /* ValorantAgentsApp */,
				ED6A3C6B296C7D19009D28D4 /* Products */,
				BB5D1BE1397E995938A3459C /* Pods */,
				BD356332918E82A8E89A966D /* Frameworks */,
			);
			sourceTree = "<group>";
		};
		ED6A3C6B296C7D19009D28D4 /* Products */ = {
			isa = PBXGroup;
			children = (
				ED6A3C6A296C7D19009D28D4 /* ValorantAgentsApp.app */,
			);
			name = Products;
			sourceTree = "<group>";
		};
		ED6A3C6C296C7D19009D28D4 /* ValorantAgentsApp */ = {
			isa = PBXGroup;
			children = (
				ED6A3C6D296C7D19009D28D4 /* AppDelegate.swift */,
				ED6A3C6F296C7D19009D28D4 /* SceneDelegate.swift */,
				EDE0551C29796CE7000C7C24 /* Controllers */,
				EDE0551D29796CF1000C7C24 /* CellControllers */,
				EDE0551E29796CFF000C7C24 /* Model */,
				EDE0551F29796D0A000C7C24 /* View */,
				ED6A3C7B296C7D1B009D28D4 /* Info.plist */,
			);
			path = ValorantAgentsApp;
			sourceTree = "<group>";
		};
		EDE0551C29796CE7000C7C24 /* Controllers */ = {
			isa = PBXGroup;
			children = (
				ED6A3C71296C7D19009D28D4 /* AgentListVC.swift */,
				ED6A3C89296C849E009D28D4 /* AgentDetailVC.swift */,
				ED85E8C2297FE4DA00472A35 /* AbilitiesDetailsViewController.swift */,
			);
			path = Controllers;
			sourceTree = "<group>";
		};
		EDE0551D29796CF1000C7C24 /* CellControllers */ = {
			isa = PBXGroup;
			children = (
				ED6A3C81296C8023009D28D4 /* AgentCellVC.swift */,
				ED6A3C83296C8036009D28D4 /* AgentDetailsCellVC.swift */,
			);
			path = CellControllers;
			sourceTree = "<group>";
		};
		EDE0551E29796CFF000C7C24 /* Model */ = {
			isa = PBXGroup;
			children = (
				ED6A3C85296C835E009D28D4 /* AgentProperties.swift */,
				ED6A3C87296C8383009D28D4 /* Agents.swift */,
				ED6A3C8B296C9691009D28D4 /* Images.swift */,
				EDE0551A29796480000C7C24 /* AgentDetailVariableFile.swift */,
			);
			path = Model;
			sourceTree = "<group>";
		};
		EDE0551F29796D0A000C7C24 /* View */ = {
			isa = PBXGroup;
			children = (
				ED6A3C73296C7D19009D28D4 /* Main.storyboard */,
				ED6A3C76296C7D1B009D28D4 /* Assets.xcassets */,
				ED6A3C78296C7D1B009D28D4 /* LaunchScreen.storyboard */,
			);
			path = View;
			sourceTree = "<group>";
		};
/* End PBXGroup section */

/* Begin PBXNativeTarget section */
		ED6A3C69296C7D19009D28D4 /* ValorantAgentsApp */ = {
			isa = PBXNativeTarget;
			buildConfigurationList = ED6A3C7E296C7D1B009D28D4 /* Build configuration list for PBXNativeTarget "ValorantAgentsApp" */;
			buildPhases = (
				CF4C8009FDB25582762B4F19 /* [CP] Check Pods Manifest.lock */,
				ED6A3C66296C7D19009D28D4 /* Sources */,
				ED6A3C67296C7D19009D28D4 /* Frameworks */,
				ED6A3C68296C7D19009D28D4 /* Resources */,
			);
			buildRules = (
			);
			dependencies = (
			);
			name = ValorantAgentsApp;
			productName = ValorantAgentsApp;
			productReference = ED6A3C6A296C7D19009D28D4 /* ValorantAgentsApp.app */;
			productType = "com.apple.product-type.application";
		};
/* End PBXNativeTarget section */

/* Begin PBXProject section */
		ED6A3C62296C7D19009D28D4 /* Project object */ = {
			isa = PBXProject;
			attributes = {
				BuildIndependentTargetsInParallel = 1;
				LastSwiftUpdateCheck = 1410;
				LastUpgradeCheck = 1410;
				TargetAttributes = {
					ED6A3C69296C7D19009D28D4 = {
						CreatedOnToolsVersion = 14.1;
					};
				};
			};
			buildConfigurationList = ED6A3C65296C7D19009D28D4 /* Build configuration list for PBXProject "ValorantAgentsApp" */;
			compatibilityVersion = "Xcode 14.0";
			developmentRegion = en;
			hasScannedForEncodings = 0;
			knownRegions = (
				en,
				Base,
			);
			mainGroup = ED6A3C61296C7D19009D28D4;
			productRefGroup = ED6A3C6B296C7D19009D28D4 /* Products */;
			projectDirPath = "";
			projectRoot = "";
			targets = (
				ED6A3C69296C7D19009D28D4 /* ValorantAgentsApp */,
			);
		};
/* End PBXProject section */

/* Begin PBXResourcesBuildPhase section */
		ED6A3C68296C7D19009D28D4 /* Resources */ = {
			isa = PBXResourcesBuildPhase;
			buildActionMask = 2147483647;
			files = (
				ED6A3C7A296C7D1B009D28D4 /* LaunchScreen.storyboard in Resources */,
				ED6A3C77296C7D1B009D28D4 /* Assets.xcassets in Resources */,
				ED6A3C75296C7D19009D28D4 /* Main.storyboard in Resources */,
			);
			runOnlyForDeploymentPostprocessing = 0;
		};
/* End PBXResourcesBuildPhase section */

/* Begin PBXShellScriptBuildPhase section */
		CF4C8009FDB25582762B4F19 /* [CP] Check Pods Manifest.lock */ = {
			isa = PBXShellScriptBuildPhase;
			buildActionMask = 2147483647;
			files = (
			);
			inputFileListPaths = (
			);
			inputPaths = (
				"${PODS_PODFILE_DIR_PATH}/Podfile.lock",
				"${PODS_ROOT}/Manifest.lock",
			);
			name = "[CP] Check Pods Manifest.lock";
			outputFileListPaths = (
			);
			outputPaths = (
				"$(DERIVED_FILE_DIR)/Pods-ValorantAgentsApp-checkManifestLockResult.txt",
			);
			runOnlyForDeploymentPostprocessing = 0;
			shellPath = /bin/sh;
			shellScript = "diff \"${PODS_PODFILE_DIR_PATH}/Podfile.lock\" \"${PODS_ROOT}/Manifest.lock\" > /dev/null\nif [ $? != 0 ] ; then\n    # print error to STDERR\n    echo \"error: The sandbox is not in sync with the Podfile.lock. Run 'pod install' or update your CocoaPods installation.\" >&2\n    exit 1\nfi\n# This output is used by Xcode 'outputs' to avoid re-running this script phase.\necho \"SUCCESS\" > \"${SCRIPT_OUTPUT_FILE_0}\"\n";
			showEnvVarsInLog = 0;
		};
/* End PBXShellScriptBuildPhase section */

/* Begin PBXSourcesBuildPhase section */
		ED6A3C66296C7D19009D28D4 /* Sources */ = {
			isa = PBXSourcesBuildPhase;
			buildActionMask = 2147483647;
			files = (
				ED6A3C82296C8023009D28D4 /* AgentCellVC.swift in Sources */,
				ED6A3C8A296C849F009D28D4 /* AgentDetailVC.swift in Sources */,
				ED6A3C72296C7D19009D28D4 /* AgentListVC.swift in Sources */,
				ED6A3C86296C835E009D28D4 /* AgentProperties.swift in Sources */,
				ED85E8C3297FE4DA00472A35 /* AbilitiesDetailsViewController.swift in Sources */,
				ED6A3C8C296C9691009D28D4 /* Images.swift in Sources */,
				ED6A3C6E296C7D19009D28D4 /* AppDelegate.swift in Sources */,
				EDE0551B29796480000C7C24 /* AgentDetailVariableFile.swift in Sources */,
				ED6A3C88296C8383009D28D4 /* Agents.swift in Sources */,
				ED6A3C84296C8036009D28D4 /* AgentDetailsCellVC.swift in Sources */,
				ED6A3C70296C7D19009D28D4 /* SceneDelegate.swift in Sources */,
			);
			runOnlyForDeploymentPostprocessing = 0;
		};
/* End PBXSourcesBuildPhase section */

/* Begin PBXVariantGroup section */
		ED6A3C73296C7D19009D28D4 /* Main.storyboard */ = {
			isa = PBXVariantGroup;
			children = (
				ED6A3C74296C7D19009D28D4 /* Base */,
			);
			name = Main.storyboard;
			sourceTree = "<group>";
		};
		ED6A3C78296C7D1B009D28D4 /* LaunchScreen.storyboard */ = {
			isa = PBXVariantGroup;
			children = (
				ED6A3C79296C7D1B009D28D4 /* Base */,
			);
			name = LaunchScreen.storyboard;
			sourceTree = "<group>";
		};
/* End PBXVariantGroup section */

/* Begin XCBuildConfiguration section */
		ED6A3C7C296C7D1B009D28D4 /* Debug */ = {
			isa = XCBuildConfiguration;
			buildSettings = {
				ALWAYS_SEARCH_USER_PATHS = NO;
				CLANG_ANALYZER_NONNULL = YES;
				CLANG_ANALYZER_NUMBER_OBJECT_CONVERSION = YES_AGGRESSIVE;
				CLANG_CXX_LANGUAGE_STANDARD = "gnu++20";
				CLANG_ENABLE_MODULES = YES;
				CLANG_ENABLE_OBJC_ARC = YES;
				CLANG_ENABLE_OBJC_WEAK = YES;
				CLANG_WARN_BLOCK_CAPTURE_AUTORELEASING = YES;
				CLANG_WARN_BOOL_CONVERSION = YES;
				CLANG_WARN_COMMA = YES;
				CLANG_WARN_CONSTANT_CONVERSION = YES;
				CLANG_WARN_DEPRECATED_OBJC_IMPLEMENTATIONS = YES;
				CLANG_WARN_DIRECT_OBJC_ISA_USAGE = YES_ERROR;
				CLANG_WARN_DOCUMENTATION_COMMENTS = YES;
				CLANG_WARN_EMPTY_BODY = YES;
				CLANG_WARN_ENUM_CONVERSION = YES;
				CLANG_WARN_INFINITE_RECURSION = YES;
				CLANG_WARN_INT_CONVERSION = YES;
				CLANG_WARN_NON_LITERAL_NULL_CONVERSION = YES;
				CLANG_WARN_OBJC_IMPLICIT_RETAIN_SELF = YES;
				CLANG_WARN_OBJC_LITERAL_CONVERSION = YES;
				CLANG_WARN_OBJC_ROOT_CLASS = YES_ERROR;
				CLANG_WARN_QUOTED_INCLUDE_IN_FRAMEWORK_HEADER = YES;
				CLANG_WARN_RANGE_LOOP_ANALYSIS = YES;
				CLANG_WARN_STRICT_PROTOTYPES = YES;
				CLANG_WARN_SUSPICIOUS_MOVE = YES;
				CLANG_WARN_UNGUARDED_AVAILABILITY = YES_AGGRESSIVE;
				CLANG_WARN_UNREACHABLE_CODE = YES;
				CLANG_WARN__DUPLICATE_METHOD_MATCH = YES;
				COPY_PHASE_STRIP = NO;
				DEBUG_INFORMATION_FORMAT = dwarf;
				ENABLE_STRICT_OBJC_MSGSEND = YES;
				ENABLE_TESTABILITY = YES;
				GCC_C_LANGUAGE_STANDARD = gnu11;
				GCC_DYNAMIC_NO_PIC = NO;
				GCC_NO_COMMON_BLOCKS = YES;
				GCC_OPTIMIZATION_LEVEL = 0;
				GCC_PREPROCESSOR_DEFINITIONS = (
					"DEBUG=1",
					"$(inherited)",
				);
				GCC_WARN_64_TO_32_BIT_CONVERSION = YES;
				GCC_WARN_ABOUT_RETURN_TYPE = YES_ERROR;
				GCC_WARN_UNDECLARED_SELECTOR = YES;
				GCC_WARN_UNINITIALIZED_AUTOS = YES_AGGRESSIVE;
				GCC_WARN_UNUSED_FUNCTION = YES;
				GCC_WARN_UNUSED_VARIABLE = YES;
				IPHONEOS_DEPLOYMENT_TARGET = 16.1;
				MTL_ENABLE_DEBUG_INFO = INCLUDE_SOURCE;
				MTL_FAST_MATH = YES;
				ONLY_ACTIVE_ARCH = YES;
				SDKROOT = iphoneos;
				SWIFT_ACTIVE_COMPILATION_CONDITIONS = DEBUG;
				SWIFT_OPTIMIZATION_LEVEL = "-Onone";
			};
			name = Debug;
		};
		ED6A3C7D296C7D1B009D28D4 /* Release */ = {
			isa = XCBuildConfiguration;
			buildSettings = {
				ALWAYS_SEARCH_USER_PATHS = NO;
				CLANG_ANALYZER_NONNULL = YES;
				CLANG_ANALYZER_NUMBER_OBJECT_CONVERSION = YES_AGGRESSIVE;
				CLANG_CXX_LANGUAGE_STANDARD = "gnu++20";
				CLANG_ENABLE_MODULES = YES;
				CLANG_ENABLE_OBJC_ARC = YES;
				CLANG_ENABLE_OBJC_WEAK = YES;
				CLANG_WARN_BLOCK_CAPTURE_AUTORELEASING = YES;
				CLANG_WARN_BOOL_CONVERSION = YES;
				CLANG_WARN_COMMA = YES;
				CLANG_WARN_CONSTANT_CONVERSION = YES;
				CLANG_WARN_DEPRECATED_OBJC_IMPLEMENTATIONS = YES;
				CLANG_WARN_DIRECT_OBJC_ISA_USAGE = YES_ERROR;
				CLANG_WARN_DOCUMENTATION_COMMENTS = YES;
				CLANG_WARN_EMPTY_BODY = YES;
				CLANG_WARN_ENUM_CONVERSION = YES;
				CLANG_WARN_INFINITE_RECURSION = YES;
				CLANG_WARN_INT_CONVERSION = YES;
				CLANG_WARN_NON_LITERAL_NULL_CONVERSION = YES;
				CLANG_WARN_OBJC_IMPLICIT_RETAIN_SELF = YES;
				CLANG_WARN_OBJC_LITERAL_CONVERSION = YES;
				CLANG_WARN_OBJC_ROOT_CLASS = YES_ERROR;
				CLANG_WARN_QUOTED_INCLUDE_IN_FRAMEWORK_HEADER = YES;
				CLANG_WARN_RANGE_LOOP_ANALYSIS = YES;
				CLANG_WARN_STRICT_PROTOTYPES = YES;
				CLANG_WARN_SUSPICIOUS_MOVE = YES;
				CLANG_WARN_UNGUARDED_AVAILABILITY = YES_AGGRESSIVE;
				CLANG_WARN_UNREACHABLE_CODE = YES;
				CLANG_WARN__DUPLICATE_METHOD_MATCH = YES;
				COPY_PHASE_STRIP = NO;
				DEBUG_INFORMATION_FORMAT = "dwarf-with-dsym";
				ENABLE_NS_ASSERTIONS = NO;
				ENABLE_STRICT_OBJC_MSGSEND = YES;
				GCC_C_LANGUAGE_STANDARD = gnu11;
				GCC_NO_COMMON_BLOCKS = YES;
				GCC_WARN_64_TO_32_BIT_CONVERSION = YES;
				GCC_WARN_ABOUT_RETURN_TYPE = YES_ERROR;
				GCC_WARN_UNDECLARED_SELECTOR = YES;
				GCC_WARN_UNINITIALIZED_AUTOS = YES_AGGRESSIVE;
				GCC_WARN_UNUSED_FUNCTION = YES;
				GCC_WARN_UNUSED_VARIABLE = YES;
				IPHONEOS_DEPLOYMENT_TARGET = 16.1;
				MTL_ENABLE_DEBUG_INFO = NO;
				MTL_FAST_MATH = YES;
				SDKROOT = iphoneos;
				SWIFT_COMPILATION_MODE = wholemodule;
				SWIFT_OPTIMIZATION_LEVEL = "-O";
				VALIDATE_PRODUCT = YES;
			};
			name = Release;
		};
		ED6A3C7F296C7D1B009D28D4 /* Debug */ = {
			isa = XCBuildConfiguration;
			baseConfigurationReference = 7333185F9FB764945EF68E67 /* Pods-ValorantAgentsApp.debug.xcconfig */;
			buildSettings = {
				ASSETCATALOG_COMPILER_APPICON_NAME = AppIcon;
				ASSETCATALOG_COMPILER_GLOBAL_ACCENT_COLOR_NAME = AccentColor;
				CODE_SIGN_STYLE = Automatic;
				CURRENT_PROJECT_VERSION = 1;
				DEVELOPMENT_TEAM = 34R52V7T3Z;
				GENERATE_INFOPLIST_FILE = YES;
				INFOPLIST_FILE = ValorantAgentsApp/Info.plist;
				INFOPLIST_KEY_UIApplicationSupportsIndirectInputEvents = YES;
				INFOPLIST_KEY_UILaunchStoryboardName = LaunchScreen;
				INFOPLIST_KEY_UIMainStoryboardFile = Main;
				INFOPLIST_KEY_UISupportedInterfaceOrientations = UIInterfaceOrientationPortrait;
				LD_RUNPATH_SEARCH_PATHS = (
					"$(inherited)",
					"@executable_path/Frameworks",
				);
				MARKETING_VERSION = 1.0;
				PRODUCT_BUNDLE_IDENTIFIER = com.mahmutsenbek.ValorantAgentsApp;
				PRODUCT_NAME = "$(TARGET_NAME)";
				SWIFT_EMIT_LOC_STRINGS = YES;
				SWIFT_VERSION = 5.0;
				TARGETED_DEVICE_FAMILY = "1,2";
			};
			name = Debug;
		};
		ED6A3C80296C7D1B009D28D4 /* Release */ = {
			isa = XCBuildConfiguration;
			baseConfigurationReference = AC70DD13DEAEE66075452FB8 /* Pods-ValorantAgentsApp.release.xcconfig */;
			buildSettings = {
				ASSETCATALOG_COMPILER_APPICON_NAME = AppIcon;
				ASSETCATALOG_COMPILER_GLOBAL_ACCENT_COLOR_NAME = AccentColor;
				CODE_SIGN_STYLE = Automatic;
				CURRENT_PROJECT_VERSION = 1;
				DEVELOPMENT_TEAM = 34R52V7T3Z;
				GENERATE_INFOPLIST_FILE = YES;
				INFOPLIST_FILE = ValorantAgentsApp/Info.plist;
				INFOPLIST_KEY_UIApplicationSupportsIndirectInputEvents = YES;
				INFOPLIST_KEY_UILaunchStoryboardName = LaunchScreen;
				INFOPLIST_KEY_UIMainStoryboardFile = Main;
				INFOPLIST_KEY_UISupportedInterfaceOrientations = UIInterfaceOrientationPortrait;
				LD_RUNPATH_SEARCH_PATHS = (
					"$(inherited)",
					"@executable_path/Frameworks",
				);
				MARKETING_VERSION = 1.0;
				PRODUCT_BUNDLE_IDENTIFIER = com.mahmutsenbek.ValorantAgentsApp;
				PRODUCT_NAME = "$(TARGET_NAME)";
				SWIFT_EMIT_LOC_STRINGS = YES;
				SWIFT_VERSION = 5.0;
				TARGETED_DEVICE_FAMILY = "1,2";
			};
			name = Release;
		};
/* End XCBuildConfiguration section */

/* Begin XCConfigurationList section */
		ED6A3C65296C7D19009D28D4 /* Build configuration list for PBXProject "ValorantAgentsApp" */ = {
			isa = XCConfigurationList;
			buildConfigurations = (
				ED6A3C7C296C7D1B009D28D4 /* Debug */,
				ED6A3C7D296C7D1B009D28D4 /* Release */,
			);
			defaultConfigurationIsVisible = 0;
			defaultConfigurationName = Release;
		};
		ED6A3C7E296C7D1B009D28D4 /* Build configuration list for PBXNativeTarget "ValorantAgentsApp" */ = {
			isa = XCConfigurationList;
			buildConfigurations = (
				ED6A3C7F296C7D1B009D28D4 /* Debug */,
				ED6A3C80296C7D1B009D28D4 /* Release */,
			);
			defaultConfigurationIsVisible = 0;
			defaultConfigurationName = Release;
		};
/* End XCConfigurationList section */
	};
	rootObject = ED6A3C62296C7D19009D28D4 /* Project object */;
}
